
Microsoft Visual Studio Solution File, Format Version 12.00
# Visual Studio 15
VisualStudioVersion = 15.0.28307.438
MinimumVisualStudioVersion = 10.0.40219.1
Project("{FAE04EC0-301F-11D3-BF4B-00C04F79EFBC}") = "Assembler", "Assembler\Assembler.csproj", "{A05E1A00-4765-46E4-BF78-3899DBEB161B}"
EndProject
Global
	GlobalSection(SolutionConfigurationPlatforms) = preSolution
		Debug|Any CPU = Debug|Any CPU
		Release|Any CPU = Release|Any CPU
	EndGlobalSection
	GlobalSection(ProjectConfigurationPlatforms) = postSolution
		{A05E1A00-4765-46E4-BF78-3899DBEB161B}.Debug|Any CPU.ActiveCfg = Debug|Any CPU
		{A05E1A00-4765-46E4-BF78-3899DBEB161B}.Debug|Any CPU.Build.0 = Debug|Any CPU
		{A05E1A00-4765-46E4-BF78-3899DBEB161B}.Release|Any CPU.ActiveCfg = Release|Any CPU
		{A05E1A00-4765-46E4-BF78-3899DBEB161B}.Release|Any CPU.Build.0 = Release|Any CPU
	EndGlobalSection
	GlobalSection(SolutionProperties) = preSolution
		HideSolutionNode = FALSE
	EndGlobalSection
	GlobalSection(ExtensibilityGlobals) = postSolution
		SolutionGuid = {DE5D2284-2B7B-4C53-8CA0-B40B8171BAB8}
	EndGlobalSection
EndGlobal
